Microsoft Visual Studio Solution File, Format Version 12.00
# Visual Studio Version 17
VisualStudioVersion = 17.0.31903.59
MinimumVisualStudioVersion = 10.0.40219.1
Project("{9A19103F-16F7-4668-BE54-9A1E7A4F7556}") = "UEModManager", "UEModManager\UEModManager.csproj", "{8B83C558-5F3E-4C89-9F5D-1234567890AB}"
EndProject
Project("{9A19103F-16F7-4668-BE54-9A1E7A4F7556}") = "UEModManager.Core", "UEModManager.Core\UEModManager.Core.csproj", "{2C94E8F7-8E1A-4D45-8F2B-9876543210CD}"
EndProject
Global
	GlobalSection(SolutionConfigurationPlatforms) = preSolution
		Debug|Any CPU = Debug|Any CPU
		Release|Any CPU = Release|Any CPU
	EndGlobalSection
	GlobalSection(ProjectConfigurationPlatforms) = postSolution
		{8B83C558-5F3E-4C89-9F5D-1234567890AB}.Debug|Any CPU.ActiveCfg = Debug|Any CPU
		{8B83C558-5F3E-4C89-9F5D-1234567890AB}.Debug|Any CPU.Build.0 = Debug|Any CPU
		{8B83C558-5F3E-4C89-9F5D-1234567890AB}.Release|Any CPU.ActiveCfg = Release|Any CPU
		{8B83C558-5F3E-4C89-9F5D-1234567890AB}.Release|Any CPU.Build.0 = Release|Any CPU
		{2C94E8F7-8E1A-4D45-8F2B-9876543210CD}.Debug|Any CPU.ActiveCfg = Debug|Any CPU
		{2C94E8F7-8E1A-4D45-8F2B-9876543210CD}.Debug|Any CPU.Build.0 = Debug|Any CPU
		{2C94E8F7-8E1A-4D45-8F2B-9876543210CD}.Release|Any CPU.ActiveCfg = Release|Any CPU
		{2C94E8F7-8E1A-4D45-8F2B-9876543210CD}.Release|Any CPU.Build.0 = Release|Any CPU
	EndGlobalSection
	GlobalSection(SolutionProperties) = preSolution
		HideSolutionNode = FALSE
	EndGlobalSection
EndGlobal 